// !$*UTF8*$!
{
	archiveVersion = 1;
	classes = {
	};
	objectVersion = 56;
	objects = {

/* Begin PBXBuildFile section */
		E603BD252ACF69B000E773E8 /* Localizable.xcstrings in Resources */ = {isa = PBXBuildFile; fileRef = E603BD242ACF69B000E773E8 /* Localizable.xcstrings */; };
		E603BD272ACF6E9000E773E8 /* Color+Extension.swift in Sources */ = {isa = PBXBuildFile; fileRef = E603BD262ACF6E9000E773E8 /* Color+Extension.swift */; };
		E603BD292ACF74A600E773E8 /* Int+Extension.swift in Sources */ = {isa = PBXBuildFile; fileRef = E603BD282ACF74A600E773E8 /* Int+Extension.swift */; };
		E61BF7892AD460E20004E4A4 /* TimeInterval+Extension.swift in Sources */ = {isa = PBXBuildFile; fileRef = E61BF7882AD460E20004E4A4 /* TimeInterval+Extension.swift */; };
		E61BF78B2AD465DC0004E4A4 /* HeaderDetailView.swift in Sources */ = {isa = PBXBuildFile; fileRef = E61BF78A2AD465DC0004E4A4 /* HeaderDetailView.swift */; };
		E61BF78D2AD466110004E4A4 /* MealImageDetailView.swift in Sources */ = {isa = PBXBuildFile; fileRef = E61BF78C2AD466110004E4A4 /* MealImageDetailView.swift */; };
		E61BF78F2AD4764D0004E4A4 /* IntructionsView.swift in Sources */ = {isa = PBXBuildFile; fileRef = E61BF78E2AD4764D0004E4A4 /* IntructionsView.swift */; };
		E61BF7912AD4784D0004E4A4 /* RoundTopsShape.swift in Sources */ = {isa = PBXBuildFile; fileRef = E61BF7902AD4784D0004E4A4 /* RoundTopsShape.swift */; };
		E61BF7932AD47C880004E4A4 /* Double+Extension.swift in Sources */ = {isa = PBXBuildFile; fileRef = E61BF7922AD47C880004E4A4 /* Double+Extension.swift */; };
		E61BF7952AD482DF0004E4A4 /* ChipsView.swift in Sources */ = {isa = PBXBuildFile; fileRef = E61BF7942AD482DF0004E4A4 /* ChipsView.swift */; };
		E640CA0E2ACF4F9B004C5307 /* CircularImageView.swift in Sources */ = {isa = PBXBuildFile; fileRef = E640CA0D2ACF4F9B004C5307 /* CircularImageView.swift */; };
		E696E7B42ACF297600D22038 /* MealsCollectionView.swift in Sources */ = {isa = PBXBuildFile; fileRef = E696E7B32ACF297600D22038 /* MealsCollectionView.swift */; };
		E696E7B82ACF2AEC00D22038 /* SDWebImageSwiftUI in Frameworks */ = {isa = PBXBuildFile; productRef = E696E7B72ACF2AEC00D22038 /* SDWebImageSwiftUI */; };
		E696E7BA2ACF2D0200D22038 /* CGFloat+Spacing.swift in Sources */ = {isa = PBXBuildFile; fileRef = E696E7B92ACF2D0200D22038 /* CGFloat+Spacing.swift */; };
		E696E7BC2ACF2E7F00D22038 /* MealView.swift in Sources */ = {isa = PBXBuildFile; fileRef = E696E7BB2ACF2E7F00D22038 /* MealView.swift */; };
		E69ACC672ACF915B00988764 /* GetMealDetailUseCase.swift in Sources */ = {isa = PBXBuildFile; fileRef = E69ACC662ACF915B00988764 /* GetMealDetailUseCase.swift */; };
		E69ACC692ACF916E00988764 /* MealDetailDomainModels.swift in Sources */ = {isa = PBXBuildFile; fileRef = E69ACC682ACF916E00988764 /* MealDetailDomainModels.swift */; };
		E69ACC6D2ACF91B000988764 /* MealDetailRemoteDataSource.swift in Sources */ = {isa = PBXBuildFile; fileRef = E69ACC6C2ACF91B000988764 /* MealDetailRemoteDataSource.swift */; };
		E69ACC6F2ACF91C400988764 /* MealDetailRemoteModels.swift in Sources */ = {isa = PBXBuildFile; fileRef = E69ACC6E2ACF91C400988764 /* MealDetailRemoteModels.swift */; };
		E69ACC712ACF91EF00988764 /* MealDetailInjector.swift in Sources */ = {isa = PBXBuildFile; fileRef = E69ACC702ACF91EF00988764 /* MealDetailInjector.swift */; };
		E69ACC762ACF92B900988764 /* MealDetailUiModels.swift in Sources */ = {isa = PBXBuildFile; fileRef = E69ACC752ACF92B900988764 /* MealDetailUiModels.swift */; };
		E69ACC782ACF92D400988764 /* MealDetailViewModel.swift in Sources */ = {isa = PBXBuildFile; fileRef = E69ACC772ACF92D400988764 /* MealDetailViewModel.swift */; };
		E69ACC7A2ACF92F100988764 /* MealDetailView.swift in Sources */ = {isa = PBXBuildFile; fileRef = E69ACC792ACF92F100988764 /* MealDetailView.swift */; };
		E6BF21B02ACE489D0002C179 /* BuildConfig.swift in Sources */ = {isa = PBXBuildFile; fileRef = E6BF21AF2ACE489D0002C179 /* BuildConfig.swift */; };
		E6BF21B32ACE48C00002C179 /* String+Extension.swift in Sources */ = {isa = PBXBuildFile; fileRef = E6BF21B22ACE48C00002C179 /* String+Extension.swift */; };
		E6BF21B82ACE4A910002C179 /* MealsInjector.swift in Sources */ = {isa = PBXBuildFile; fileRef = E6BF21B72ACE4A910002C179 /* MealsInjector.swift */; };
		E6BF21BC2ACE4AD40002C179 /* GetMealsUseCase.swift in Sources */ = {isa = PBXBuildFile; fileRef = E6BF21BB2ACE4AD40002C179 /* GetMealsUseCase.swift */; };
		E6BF21BF2ACE4AF10002C179 /* MealsDomainModels.swift in Sources */ = {isa = PBXBuildFile; fileRef = E6BF21BE2ACE4AF10002C179 /* MealsDomainModels.swift */; };
		E6BF21C22ACE4B100002C179 /* MealsRepository.swift in Sources */ = {isa = PBXBuildFile; fileRef = E6BF21C12ACE4B100002C179 /* MealsRepository.swift */; };
		E6BF21C42ACE4B260002C179 /* MealsRemoteDataSource.swift in Sources */ = {isa = PBXBuildFile; fileRef = E6BF21C32ACE4B260002C179 /* MealsRemoteDataSource.swift */; };
		E6BF21C72ACE4BFD0002C179 /* MealsRemoteModels.swift in Sources */ = {isa = PBXBuildFile; fileRef = E6BF21C62ACE4BFD0002C179 /* MealsRemoteModels.swift */; };
		E6BF21C92ACE4DAD0002C179 /* Array+Extension.swift in Sources */ = {isa = PBXBuildFile; fileRef = E6BF21C82ACE4DAD0002C179 /* Array+Extension.swift */; };
		E6BF21CB2ACE4E4D0002C179 /* URL+Extension.swift in Sources */ = {isa = PBXBuildFile; fileRef = E6BF21CA2ACE4E4D0002C179 /* URL+Extension.swift */; };
		E6BF21CE2ACE4EC30002C179 /* NetworkClientBuilder.swift in Sources */ = {isa = PBXBuildFile; fileRef = E6BF21CD2ACE4EC30002C179 /* NetworkClientBuilder.swift */; };
		E6BF21D12ACE57C20002C179 /* MealsViewModel.swift in Sources */ = {isa = PBXBuildFile; fileRef = E6BF21D02ACE57C20002C179 /* MealsViewModel.swift */; };
		E6BF21D52ACE58990002C179 /* MealsUiModels.swift in Sources */ = {isa = PBXBuildFile; fileRef = E6BF21D42ACE58990002C179 /* MealsUiModels.swift */; };
		E6CB9BBF2AD0941E00095A9E /* MealDetailRepository.swift in Sources */ = {isa = PBXBuildFile; fileRef = E6CB9BBE2AD0941E00095A9E /* MealDetailRepository.swift */; };
		E6F6AD302ACE3F0800F40D4F /* FetchApp.swift in Sources */ = {isa = PBXBuildFile; fileRef = E6F6AD2F2ACE3F0800F40D4F /* FetchApp.swift */; };
		E6F6AD322ACE3F0800F40D4F /* MealsView.swift in Sources */ = {isa = PBXBuildFile; fileRef = E6F6AD312ACE3F0800F40D4F /* MealsView.swift */; };
		E6F6AD342ACE3F0A00F40D4F /* Assets.xcassets in Resources */ = {isa = PBXBuildFile; fileRef = E6F6AD332ACE3F0A00F40D4F /* Assets.xcassets */; };
		E6F6AD372ACE3F0A00F40D4F /* Preview Assets.xcassets in Resources */ = {isa = PBXBuildFile; fileRef = E6F6AD362ACE3F0A00F40D4F /* Preview Assets.xcassets */; };
		E6F6AD412ACE3F0B00F40D4F /* FetchTests.swift in Sources */ = {isa = PBXBuildFile; fileRef = E6F6AD402ACE3F0B00F40D4F /* FetchTests.swift */; };
		E6F6AD4B2ACE3F0B00F40D4F /* FetchUITests.swift in Sources */ = {isa = PBXBuildFile; fileRef = E6F6AD4A2ACE3F0B00F40D4F /* FetchUITests.swift */; };
		E6F6AD4D2ACE3F0B00F40D4F /* FetchUITestsLaunchTests.swift in Sources */ = {isa = PBXBuildFile; fileRef = E6F6AD4C2ACE3F0B00F40D4F /* FetchUITestsLaunchTests.swift */; };
/* End PBXBuildFile section */

/* Begin PBXContainerItemProxy section */
		E6F6AD3D2ACE3F0B00F40D4F /* PBXContainerItemProxy */ = {
			isa = PBXContainerItemProxy;
			containerPortal = E6F6AD242ACE3F0800F40D4F /* Project object */;
			proxyType = 1;
			remoteGlobalIDString = E6F6AD2B2ACE3F0800F40D4F;
			remoteInfo = Fetch;
		};
		E6F6AD472ACE3F0B00F40D4F /* PBXContainerItemProxy */ = {
			isa = PBXContainerItemProxy;
			containerPortal = E6F6AD242ACE3F0800F40D4F /* Project object */;
			proxyType = 1;
			remoteGlobalIDString = E6F6AD2B2ACE3F0800F40D4F;
			remoteInfo = Fetch;
		};
/* End PBXContainerItemProxy section */

/* Begin PBXFileReference section */
		E603BD242ACF69B000E773E8 /* Localizable.xcstrings */ = {isa = PBXFileReference; lastKnownFileType = text.json.xcstrings; path = Localizable.xcstrings; sourceTree = "<group>"; };
		E603BD262ACF6E9000E773E8 /* Color+Extension.swift */ = {isa = PBXFileReference; lastKnownFileType = sourcecode.swift; path = "Color+Extension.swift"; sourceTree = "<group>"; };
		E603BD282ACF74A600E773E8 /* Int+Extension.swift */ = {isa = PBXFileReference; lastKnownFileType = sourcecode.swift; path = "Int+Extension.swift"; sourceTree = "<group>"; };
		E61BF7882AD460E20004E4A4 /* TimeInterval+Extension.swift */ = {isa = PBXFileReference; lastKnownFileType = sourcecode.swift; path = "TimeInterval+Extension.swift"; sourceTree = "<group>"; };
		E61BF78A2AD465DC0004E4A4 /* HeaderDetailView.swift */ = {isa = PBXFileReference; lastKnownFileType = sourcecode.swift; path = HeaderDetailView.swift; sourceTree = "<group>"; };
		E61BF78C2AD466110004E4A4 /* MealImageDetailView.swift */ = {isa = PBXFileReference; lastKnownFileType = sourcecode.swift; path = MealImageDetailView.swift; sourceTree = "<group>"; };
		E61BF78E2AD4764D0004E4A4 /* IntructionsView.swift */ = {isa = PBXFileReference; lastKnownFileType = sourcecode.swift; path = IntructionsView.swift; sourceTree = "<group>"; };
		E61BF7902AD4784D0004E4A4 /* RoundTopsShape.swift */ = {isa = PBXFileReference; lastKnownFileType = sourcecode.swift; path = RoundTopsShape.swift; sourceTree = "<group>"; };
		E61BF7922AD47C880004E4A4 /* Double+Extension.swift */ = {isa = PBXFileReference; lastKnownFileType = sourcecode.swift; path = "Double+Extension.swift"; sourceTree = "<group>"; };
		E61BF7942AD482DF0004E4A4 /* ChipsView.swift */ = {isa = PBXFileReference; lastKnownFileType = sourcecode.swift; path = ChipsView.swift; sourceTree = "<group>"; };
		E640CA0D2ACF4F9B004C5307 /* CircularImageView.swift */ = {isa = PBXFileReference; lastKnownFileType = sourcecode.swift; path = CircularImageView.swift; sourceTree = "<group>"; };
		E696E7B32ACF297600D22038 /* MealsCollectionView.swift */ = {isa = PBXFileReference; lastKnownFileType = sourcecode.swift; path = MealsCollectionView.swift; sourceTree = "<group>"; };
		E696E7B92ACF2D0200D22038 /* CGFloat+Spacing.swift */ = {isa = PBXFileReference; lastKnownFileType = sourcecode.swift; path = "CGFloat+Spacing.swift"; sourceTree = "<group>"; };
		E696E7BB2ACF2E7F00D22038 /* MealView.swift */ = {isa = PBXFileReference; lastKnownFileType = sourcecode.swift; path = MealView.swift; sourceTree = "<group>"; };
		E69ACC662ACF915B00988764 /* GetMealDetailUseCase.swift */ = {isa = PBXFileReference; lastKnownFileType = sourcecode.swift; path = GetMealDetailUseCase.swift; sourceTree = "<group>"; };
		E69ACC682ACF916E00988764 /* MealDetailDomainModels.swift */ = {isa = PBXFileReference; lastKnownFileType = sourcecode.swift; path = MealDetailDomainModels.swift; sourceTree = "<group>"; };
		E69ACC6C2ACF91B000988764 /* MealDetailRemoteDataSource.swift */ = {isa = PBXFileReference; lastKnownFileType = sourcecode.swift; path = MealDetailRemoteDataSource.swift; sourceTree = "<group>"; };
		E69ACC6E2ACF91C400988764 /* MealDetailRemoteModels.swift */ = {isa = PBXFileReference; lastKnownFileType = sourcecode.swift; path = MealDetailRemoteModels.swift; sourceTree = "<group>"; };
		E69ACC702ACF91EF00988764 /* MealDetailInjector.swift */ = {isa = PBXFileReference; lastKnownFileType = sourcecode.swift; path = MealDetailInjector.swift; sourceTree = "<group>"; };
		E69ACC752ACF92B900988764 /* MealDetailUiModels.swift */ = {isa = PBXFileReference; lastKnownFileType = sourcecode.swift; path = MealDetailUiModels.swift; sourceTree = "<group>"; };
		E69ACC772ACF92D400988764 /* MealDetailViewModel.swift */ = {isa = PBXFileReference; lastKnownFileType = sourcecode.swift; path = MealDetailViewModel.swift; sourceTree = "<group>"; };
		E69ACC792ACF92F100988764 /* MealDetailView.swift */ = {isa = PBXFileReference; lastKnownFileType = sourcecode.swift; path = MealDetailView.swift; sourceTree = "<group>"; };
		E6BF21AE2ACE48850002C179 /* Debug.xcconfig */ = {isa = PBXFileReference; lastKnownFileType = text.xcconfig; path = Debug.xcconfig; sourceTree = "<group>"; };
		E6BF21AF2ACE489D0002C179 /* BuildConfig.swift */ = {isa = PBXFileReference; lastKnownFileType = sourcecode.swift; path = BuildConfig.swift; sourceTree = "<group>"; };
		E6BF21B22ACE48C00002C179 /* String+Extension.swift */ = {isa = PBXFileReference; lastKnownFileType = sourcecode.swift; path = "String+Extension.swift"; sourceTree = "<group>"; };
		E6BF21B72ACE4A910002C179 /* MealsInjector.swift */ = {isa = PBXFileReference; lastKnownFileType = sourcecode.swift; path = MealsInjector.swift; sourceTree = "<group>"; };
		E6BF21BB2ACE4AD40002C179 /* GetMealsUseCase.swift */ = {isa = PBXFileReference; lastKnownFileType = sourcecode.swift; path = GetMealsUseCase.swift; sourceTree = "<group>"; };
		E6BF21BE2ACE4AF10002C179 /* MealsDomainModels.swift */ = {isa = PBXFileReference; lastKnownFileType = sourcecode.swift; path = MealsDomainModels.swift; sourceTree = "<group>"; };
		E6BF21C12ACE4B100002C179 /* MealsRepository.swift */ = {isa = PBXFileReference; lastKnownFileType = sourcecode.swift; path = MealsRepository.swift; sourceTree = "<group>"; };
		E6BF21C32ACE4B260002C179 /* MealsRemoteDataSource.swift */ = {isa = PBXFileReference; lastKnownFileType = sourcecode.swift; path = MealsRemoteDataSource.swift; sourceTree = "<group>"; };
		E6BF21C62ACE4BFD0002C179 /* MealsRemoteModels.swift */ = {isa = PBXFileReference; lastKnownFileType = sourcecode.swift; path = MealsRemoteModels.swift; sourceTree = "<group>"; };
		E6BF21C82ACE4DAD0002C179 /* Array+Extension.swift */ = {isa = PBXFileReference; lastKnownFileType = sourcecode.swift; path = "Array+Extension.swift"; sourceTree = "<group>"; };
		E6BF21CA2ACE4E4D0002C179 /* URL+Extension.swift */ = {isa = PBXFileReference; lastKnownFileType = sourcecode.swift; path = "URL+Extension.swift"; sourceTree = "<group>"; };
		E6BF21CD2ACE4EC30002C179 /* NetworkClientBuilder.swift */ = {isa = PBXFileReference; lastKnownFileType = sourcecode.swift; path = NetworkClientBuilder.swift; sourceTree = "<group>"; };
		E6BF21D02ACE57C20002C179 /* MealsViewModel.swift */ = {isa = PBXFileReference; lastKnownFileType = sourcecode.swift; path = MealsViewModel.swift; sourceTree = "<group>"; };
		E6BF21D42ACE58990002C179 /* MealsUiModels.swift */ = {isa = PBXFileReference; lastKnownFileType = sourcecode.swift; path = MealsUiModels.swift; sourceTree = "<group>"; };
		E6CB9BBE2AD0941E00095A9E /* MealDetailRepository.swift */ = {isa = PBXFileReference; lastKnownFileType = sourcecode.swift; path = MealDetailRepository.swift; sourceTree = "<group>"; };
		E6F6AD2C2ACE3F0800F40D4F /* Fetch.app */ = {isa = PBXFileReference; explicitFileType = wrapper.application; includeInIndex = 0; path = Fetch.app; sourceTree = BUILT_PRODUCTS_DIR; };
		E6F6AD2F2ACE3F0800F40D4F /* FetchApp.swift */ = {isa = PBXFileReference; lastKnownFileType = sourcecode.swift; path = FetchApp.swift; sourceTree = "<group>"; };
		E6F6AD312ACE3F0800F40D4F /* MealsView.swift */ = {isa = PBXFileReference; lastKnownFileType = sourcecode.swift; path = MealsView.swift; sourceTree = "<group>"; };
		E6F6AD332ACE3F0A00F40D4F /* Assets.xcassets */ = {isa = PBXFileReference; lastKnownFileType = folder.assetcatalog; path = Assets.xcassets; sourceTree = "<group>"; };
		E6F6AD362ACE3F0A00F40D4F /* Preview Assets.xcassets */ = {isa = PBXFileReference; lastKnownFileType = folder.assetcatalog; path = "Preview Assets.xcassets"; sourceTree = "<group>"; };
		E6F6AD3C2ACE3F0B00F40D4F /* FetchTests.xctest */ = {isa = PBXFileReference; explicitFileType = wrapper.cfbundle; includeInIndex = 0; path = FetchTests.xctest; sourceTree = BUILT_PRODUCTS_DIR; };
		E6F6AD402ACE3F0B00F40D4F /* FetchTests.swift */ = {isa = PBXFileReference; lastKnownFileType = sourcecode.swift; path = FetchTests.swift; sourceTree = "<group>"; };
		E6F6AD462ACE3F0B00F40D4F /* FetchUITests.xctest */ = {isa = PBXFileReference; explicitFileType = wrapper.cfbundle; includeInIndex = 0; path = FetchUITests.xctest; sourceTree = BUILT_PRODUCTS_DIR; };
		E6F6AD4A2ACE3F0B00F40D4F /* FetchUITests.swift */ = {isa = PBXFileReference; lastKnownFileType = sourcecode.swift; path = FetchUITests.swift; sourceTree = "<group>"; };
		E6F6AD4C2ACE3F0B00F40D4F /* FetchUITestsLaunchTests.swift */ = {isa = PBXFileReference; lastKnownFileType = sourcecode.swift; path = FetchUITestsLaunchTests.swift; sourceTree = "<group>"; };
		E6F6AD592ACE3F2900F40D4F /* Info.plist */ = {isa = PBXFileReference; lastKnownFileType = text.plist; path = Info.plist; sourceTree = "<group>"; };
/* End PBXFileReference section */

/* Begin PBXFrameworksBuildPhase section */
		E6F6AD292ACE3F0800F40D4F /* Frameworks */ = {
			isa = PBXFrameworksBuildPhase;
			buildActionMask = 2147483647;
			files = (
				E696E7B82ACF2AEC00D22038 /* SDWebImageSwiftUI in Frameworks */,
			);
			runOnlyForDeploymentPostprocessing = 0;
		};
		E6F6AD392ACE3F0B00F40D4F /* Frameworks */ = {
			isa = PBXFrameworksBuildPhase;
			buildActionMask = 2147483647;
			files = (
			);
			runOnlyForDeploymentPostprocessing = 0;
		};
		E6F6AD432ACE3F0B00F40D4F /* Frameworks */ = {
			isa = PBXFrameworksBuildPhase;
			buildActionMask = 2147483647;
			files = (
			);
			runOnlyForDeploymentPostprocessing = 0;
		};
/* End PBXFrameworksBuildPhase section */

/* Begin PBXGroup section */
		E640CA0C2ACF4F82004C5307 /* styling */ = {
			isa = PBXGroup;
			children = (
				E640CA0D2ACF4F9B004C5307 /* CircularImageView.swift */,
				E603BD262ACF6E9000E773E8 /* Color+Extension.swift */,
				E61BF7902AD4784D0004E4A4 /* RoundTopsShape.swift */,
				E61BF7942AD482DF0004E4A4 /* ChipsView.swift */,
			);
			path = styling;
			sourceTree = "<group>";
		};
		E69ACC5F2ACF90AE00988764 /* mealdetail */ = {
			isa = PBXGroup;
			children = (
				E69ACC602ACF90F200988764 /* domain */,
				E69ACC612ACF90F900988764 /* data */,
				E69ACC632ACF910600988764 /* di */,
				E69ACC642ACF910C00988764 /* ui */,
			);
			path = mealdetail;
			sourceTree = "<group>";
		};
		E69ACC602ACF90F200988764 /* domain */ = {
			isa = PBXGroup;
			children = (
				E69ACC652ACF914700988764 /* model */,
				E69ACC662ACF915B00988764 /* GetMealDetailUseCase.swift */,
			);
			path = domain;
			sourceTree = "<group>";
		};
		E69ACC612ACF90F900988764 /* data */ = {
			isa = PBXGroup;
			children = (
				E69ACC6A2ACF919200988764 /* remote */,
				E6CB9BBE2AD0941E00095A9E /* MealDetailRepository.swift */,
			);
			path = data;
			sourceTree = "<group>";
		};
		E69ACC632ACF910600988764 /* di */ = {
			isa = PBXGroup;
			children = (
				E69ACC702ACF91EF00988764 /* MealDetailInjector.swift */,
			);
			path = di;
			sourceTree = "<group>";
		};
		E69ACC642ACF910C00988764 /* ui */ = {
			isa = PBXGroup;
			children = (
				E69ACC722ACF921B00988764 /* model */,
				E69ACC732ACF922100988764 /* viewmodel */,
				E69ACC742ACF922900988764 /* views */,
			);
			path = ui;
			sourceTree = "<group>";
		};
		E69ACC652ACF914700988764 /* model */ = {
			isa = PBXGroup;
			children = (
				E69ACC682ACF916E00988764 /* MealDetailDomainModels.swift */,
			);
			path = model;
			sourceTree = "<group>";
		};
		E69ACC6A2ACF919200988764 /* remote */ = {
			isa = PBXGroup;
			children = (
				E69ACC6B2ACF919B00988764 /* model */,
				E69ACC6C2ACF91B000988764 /* MealDetailRemoteDataSource.swift */,
			);
			path = remote;
			sourceTree = "<group>";
		};
		E69ACC6B2ACF919B00988764 /* model */ = {
			isa = PBXGroup;
			children = (
				E69ACC6E2ACF91C400988764 /* MealDetailRemoteModels.swift */,
			);
			path = model;
			sourceTree = "<group>";
		};
		E69ACC722ACF921B00988764 /* model */ = {
			isa = PBXGroup;
			children = (
				E69ACC752ACF92B900988764 /* MealDetailUiModels.swift */,
			);
			path = model;
			sourceTree = "<group>";
		};
		E69ACC732ACF922100988764 /* viewmodel */ = {
			isa = PBXGroup;
			children = (
				E69ACC772ACF92D400988764 /* MealDetailViewModel.swift */,
			);
			path = viewmodel;
			sourceTree = "<group>";
		};
		E69ACC742ACF922900988764 /* views */ = {
			isa = PBXGroup;
			children = (
				E69ACC792ACF92F100988764 /* MealDetailView.swift */,
				E61BF78A2AD465DC0004E4A4 /* HeaderDetailView.swift */,
				E61BF78C2AD466110004E4A4 /* MealImageDetailView.swift */,
				E61BF78E2AD4764D0004E4A4 /* IntructionsView.swift */,
			);
			path = views;
			sourceTree = "<group>";
		};
		E6BF21AB2ACE482A0002C179 /* features */ = {
			isa = PBXGroup;
			children = (
				E6BF21B42ACE49FB0002C179 /* meals */,
				E69ACC5F2ACF90AE00988764 /* mealdetail */,
			);
			path = features;
			sourceTree = "<group>";
		};
		E6BF21AC2ACE48310002C179 /* foundation */ = {
			isa = PBXGroup;
			children = (
				E640CA0C2ACF4F82004C5307 /* styling */,
				E6BF21CC2ACE4EB10002C179 /* network */,
				E6BF21B12ACE48AF0002C179 /* core */,
			);
			path = foundation;
			sourceTree = "<group>";
		};
		E6BF21AD2ACE48380002C179 /* buildconfig */ = {
			isa = PBXGroup;
			children = (
				E6BF21AE2ACE48850002C179 /* Debug.xcconfig */,
				E6BF21AF2ACE489D0002C179 /* BuildConfig.swift */,
			);
			path = buildconfig;
			sourceTree = "<group>";
		};
		E6BF21B12ACE48AF0002C179 /* core */ = {
			isa = PBXGroup;
			children = (
				E6BF21B22ACE48C00002C179 /* String+Extension.swift */,
				E6BF21C82ACE4DAD0002C179 /* Array+Extension.swift */,
				E6BF21CA2ACE4E4D0002C179 /* URL+Extension.swift */,
				E696E7B92ACF2D0200D22038 /* CGFloat+Spacing.swift */,
				E603BD282ACF74A600E773E8 /* Int+Extension.swift */,
				E603BD242ACF69B000E773E8 /* Localizable.xcstrings */,
				E61BF7882AD460E20004E4A4 /* TimeInterval+Extension.swift */,
				E61BF7922AD47C880004E4A4 /* Double+Extension.swift */,
			);
			path = core;
			sourceTree = "<group>";
		};
		E6BF21B42ACE49FB0002C179 /* meals */ = {
			isa = PBXGroup;
			children = (
				E6BF21BA2ACE4AAD0002C179 /* domain */,
				E6BF21B92ACE4AA50002C179 /* data */,
				E6BF21B62ACE4A7B0002C179 /* di */,
				E6BF21B52ACE4A040002C179 /* ui */,
			);
			path = meals;
			sourceTree = "<group>";
		};
		E6BF21B52ACE4A040002C179 /* ui */ = {
			isa = PBXGroup;
			children = (
				E6BF21D32ACE588B0002C179 /* model */,
				E6BF21D22ACE58380002C179 /* viewmodel */,
				E6BF21CF2ACE55C30002C179 /* views */,
			);
			path = ui;
			sourceTree = "<group>";
		};
		E6BF21B62ACE4A7B0002C179 /* di */ = {
			isa = PBXGroup;
			children = (
				E6BF21B72ACE4A910002C179 /* MealsInjector.swift */,
			);
			path = di;
			sourceTree = "<group>";
		};
		E6BF21B92ACE4AA50002C179 /* data */ = {
			isa = PBXGroup;
			children = (
				E6BF21C02ACE4B000002C179 /* remote */,
				E6BF21C12ACE4B100002C179 /* MealsRepository.swift */,
			);
			path = data;
			sourceTree = "<group>";
		};
		E6BF21BA2ACE4AAD0002C179 /* domain */ = {
			isa = PBXGroup;
			children = (
				E6BF21BD2ACE4AD90002C179 /* model */,
				E6BF21BB2ACE4AD40002C179 /* GetMealsUseCase.swift */,
			);
			path = domain;
			sourceTree = "<group>";
		};
		E6BF21BD2ACE4AD90002C179 /* model */ = {
			isa = PBXGroup;
			children = (
				E6BF21BE2ACE4AF10002C179 /* MealsDomainModels.swift */,
			);
			path = model;
			sourceTree = "<group>";
		};
		E6BF21C02ACE4B000002C179 /* remote */ = {
			isa = PBXGroup;
			children = (
				E6BF21C52ACE4BEE0002C179 /* model */,
				E6BF21C32ACE4B260002C179 /* MealsRemoteDataSource.swift */,
			);
			path = remote;
			sourceTree = "<group>";
		};
		E6BF21C52ACE4BEE0002C179 /* model */ = {
			isa = PBXGroup;
			children = (
				E6BF21C62ACE4BFD0002C179 /* MealsRemoteModels.swift */,
			);
			path = model;
			sourceTree = "<group>";
		};
		E6BF21CC2ACE4EB10002C179 /* network */ = {
			isa = PBXGroup;
			children = (
				E6BF21CD2ACE4EC30002C179 /* NetworkClientBuilder.swift */,
			);
			path = network;
			sourceTree = "<group>";
		};
		E6BF21CF2ACE55C30002C179 /* views */ = {
			isa = PBXGroup;
			children = (
				E6F6AD312ACE3F0800F40D4F /* MealsView.swift */,
				E696E7B32ACF297600D22038 /* MealsCollectionView.swift */,
				E696E7BB2ACF2E7F00D22038 /* MealView.swift */,
			);
			path = views;
			sourceTree = "<group>";
		};
		E6BF21D22ACE58380002C179 /* viewmodel */ = {
			isa = PBXGroup;
			children = (
				E6BF21D02ACE57C20002C179 /* MealsViewModel.swift */,
			);
			path = viewmodel;
			sourceTree = "<group>";
		};
		E6BF21D32ACE588B0002C179 /* model */ = {
			isa = PBXGroup;
			children = (
				E6BF21D42ACE58990002C179 /* MealsUiModels.swift */,
			);
			path = model;
			sourceTree = "<group>";
		};
		E6F6AD232ACE3F0800F40D4F = {
			isa = PBXGroup;
			children = (
				E6F6AD2E2ACE3F0800F40D4F /* Fetch */,
				E6F6AD3F2ACE3F0B00F40D4F /* FetchTests */,
				E6F6AD492ACE3F0B00F40D4F /* FetchUITests */,
				E6F6AD2D2ACE3F0800F40D4F /* Products */,
			);
			sourceTree = "<group>";
		};
		E6F6AD2D2ACE3F0800F40D4F /* Products */ = {
			isa = PBXGroup;
			children = (
				E6F6AD2C2ACE3F0800F40D4F /* Fetch.app */,
				E6F6AD3C2ACE3F0B00F40D4F /* FetchTests.xctest */,
				E6F6AD462ACE3F0B00F40D4F /* FetchUITests.xctest */,
			);
			name = Products;
			sourceTree = "<group>";
		};
		E6F6AD2E2ACE3F0800F40D4F /* Fetch */ = {
			isa = PBXGroup;
			children = (
				E6BF21AB2ACE482A0002C179 /* features */,
				E6BF21AC2ACE48310002C179 /* foundation */,
				E6BF21AD2ACE48380002C179 /* buildconfig */,
				E6F6AD592ACE3F2900F40D4F /* Info.plist */,
				E6F6AD2F2ACE3F0800F40D4F /* FetchApp.swift */,
				E6F6AD332ACE3F0A00F40D4F /* Assets.xcassets */,
				E6F6AD352ACE3F0A00F40D4F /* Preview Content */,
			);
			path = Fetch;
			sourceTree = "<group>";
		};
		E6F6AD352ACE3F0A00F40D4F /* Preview Content */ = {
			isa = PBXGroup;
			children = (
				E6F6AD362ACE3F0A00F40D4F /* Preview Assets.xcassets */,
			);
			path = "Preview Content";
			sourceTree = "<group>";
		};
		E6F6AD3F2ACE3F0B00F40D4F /* FetchTests */ = {
			isa = PBXGroup;
			children = (
				E6F6AD402ACE3F0B00F40D4F /* FetchTests.swift */,
			);
			path = FetchTests;
			sourceTree = "<group>";
		};
		E6F6AD492ACE3F0B00F40D4F /* FetchUITests */ = {
			isa = PBXGroup;
			children = (
				E6F6AD4A2ACE3F0B00F40D4F /* FetchUITests.swift */,
				E6F6AD4C2ACE3F0B00F40D4F /* FetchUITestsLaunchTests.swift */,
			);
			path = FetchUITests;
			sourceTree = "<group>";
		};
/* End PBXGroup section */

/* Begin PBXNativeTarget section */
		E6F6AD2B2ACE3F0800F40D4F /* Fetch */ = {
			isa = PBXNativeTarget;
			buildConfigurationList = E6F6AD502ACE3F0B00F40D4F /* Build configuration list for PBXNativeTarget "Fetch" */;
			buildPhases = (
				E6F6AD282ACE3F0800F40D4F /* Sources */,
				E6F6AD292ACE3F0800F40D4F /* Frameworks */,
				E6F6AD2A2ACE3F0800F40D4F /* Resources */,
			);
			buildRules = (
			);
			dependencies = (
			);
			name = Fetch;
			packageProductDependencies = (
				E696E7B72ACF2AEC00D22038 /* SDWebImageSwiftUI */,
			);
			productName = Fetch;
			productReference = E6F6AD2C2ACE3F0800F40D4F /* Fetch.app */;
			productType = "com.apple.product-type.application";
		};
		E6F6AD3B2ACE3F0B00F40D4F /* FetchTests */ = {
			isa = PBXNativeTarget;
			buildConfigurationList = E6F6AD532ACE3F0B00F40D4F /* Build configuration list for PBXNativeTarget "FetchTests" */;
			buildPhases = (
				E6F6AD382ACE3F0B00F40D4F /* Sources */,
				E6F6AD392ACE3F0B00F40D4F /* Frameworks */,
				E6F6AD3A2ACE3F0B00F40D4F /* Resources */,
			);
			buildRules = (
			);
			dependencies = (
				E6F6AD3E2ACE3F0B00F40D4F /* PBXTargetDependency */,
			);
			name = FetchTests;
			productName = FetchTests;
			productReference = E6F6AD3C2ACE3F0B00F40D4F /* FetchTests.xctest */;
			productType = "com.apple.product-type.bundle.unit-test";
		};
		E6F6AD452ACE3F0B00F40D4F /* FetchUITests */ = {
			isa = PBXNativeTarget;
			buildConfigurationList = E6F6AD562ACE3F0B00F40D4F /* Build configuration list for PBXNativeTarget "FetchUITests" */;
			buildPhases = (
				E6F6AD422ACE3F0B00F40D4F /* Sources */,
				E6F6AD432ACE3F0B00F40D4F /* Frameworks */,
				E6F6AD442ACE3F0B00F40D4F /* Resources */,
			);
			buildRules = (
			);
			dependencies = (
				E6F6AD482ACE3F0B00F40D4F /* PBXTargetDependency */,
			);
			name = FetchUITests;
			productName = FetchUITests;
			productReference = E6F6AD462ACE3F0B00F40D4F /* FetchUITests.xctest */;
			productType = "com.apple.product-type.bundle.ui-testing";
		};
/* End PBXNativeTarget section */

/* Begin PBXProject section */
		E6F6AD242ACE3F0800F40D4F /* Project object */ = {
			isa = PBXProject;
			attributes = {
				BuildIndependentTargetsInParallel = 1;
				LastSwiftUpdateCheck = 1500;
				LastUpgradeCheck = 1500;
				TargetAttributes = {
					E6F6AD2B2ACE3F0800F40D4F = {
						CreatedOnToolsVersion = 15.0;
					};
					E6F6AD3B2ACE3F0B00F40D4F = {
						CreatedOnToolsVersion = 15.0;
						TestTargetID = E6F6AD2B2ACE3F0800F40D4F;
					};
					E6F6AD452ACE3F0B00F40D4F = {
						CreatedOnToolsVersion = 15.0;
						TestTargetID = E6F6AD2B2ACE3F0800F40D4F;
					};
				};
			};
			buildConfigurationList = E6F6AD272ACE3F0800F40D4F /* Build configuration list for PBXProject "Fetch" */;
			compatibilityVersion = "Xcode 14.0";
			developmentRegion = en;
			hasScannedForEncodings = 0;
			knownRegions = (
				en,
				Base,
			);
			mainGroup = E6F6AD232ACE3F0800F40D4F;
			packageReferences = (
				E696E7B62ACF2AEC00D22038 /* XCRemoteSwiftPackageReference "SDWebImageSwiftUI" */,
			);
			productRefGroup = E6F6AD2D2ACE3F0800F40D4F /* Products */;
			projectDirPath = "";
			projectRoot = "";
			targets = (
				E6F6AD2B2ACE3F0800F40D4F /* Fetch */,
				E6F6AD3B2ACE3F0B00F40D4F /* FetchTests */,
				E6F6AD452ACE3F0B00F40D4F /* FetchUITests */,
			);
		};
/* End PBXProject section */

/* Begin PBXResourcesBuildPhase section */
		E6F6AD2A2ACE3F0800F40D4F /* Resources */ = {
			isa = PBXResourcesBuildPhase;
			buildActionMask = 2147483647;
			files = (
				E6F6AD372ACE3F0A00F40D4F /* Preview Assets.xcassets in Resources */,
				E6F6AD342ACE3F0A00F40D4F /* Assets.xcassets in Resources */,
				E603BD252ACF69B000E773E8 /* Localizable.xcstrings in Resources */,
			);
			runOnlyForDeploymentPostprocessing = 0;
		};
		E6F6AD3A2ACE3F0B00F40D4F /* Resources */ = {
			isa = PBXResourcesBuildPhase;
			buildActionMask = 2147483647;
			files = (
			);
			runOnlyForDeploymentPostprocessing = 0;
		};
		E6F6AD442ACE3F0B00F40D4F /* Resources */ = {
			isa = PBXResourcesBuildPhase;
			buildActionMask = 2147483647;
			files = (
			);
			runOnlyForDeploymentPostprocessing = 0;
		};
/* End PBXResourcesBuildPhase section */

/* Begin PBXSourcesBuildPhase section */
		E6F6AD282ACE3F0800F40D4F /* Sources */ = {
			isa = PBXSourcesBuildPhase;
			buildActionMask = 2147483647;
			files = (
				E69ACC6D2ACF91B000988764 /* MealDetailRemoteDataSource.swift in Sources */,
				E6BF21B32ACE48C00002C179 /* String+Extension.swift in Sources */,
				E6BF21BC2ACE4AD40002C179 /* GetMealsUseCase.swift in Sources */,
				E61BF7892AD460E20004E4A4 /* TimeInterval+Extension.swift in Sources */,
				E6BF21C22ACE4B100002C179 /* MealsRepository.swift in Sources */,
				E603BD292ACF74A600E773E8 /* Int+Extension.swift in Sources */,
				E69ACC692ACF916E00988764 /* MealDetailDomainModels.swift in Sources */,
				E69ACC762ACF92B900988764 /* MealDetailUiModels.swift in Sources */,
				E61BF78B2AD465DC0004E4A4 /* HeaderDetailView.swift in Sources */,
				E61BF7952AD482DF0004E4A4 /* ChipsView.swift in Sources */,
				E6BF21C92ACE4DAD0002C179 /* Array+Extension.swift in Sources */,
				E6BF21BF2ACE4AF10002C179 /* MealsDomainModels.swift in Sources */,
				E696E7BC2ACF2E7F00D22038 /* MealView.swift in Sources */,
				E69ACC712ACF91EF00988764 /* MealDetailInjector.swift in Sources */,
				E6BF21D52ACE58990002C179 /* MealsUiModels.swift in Sources */,
				E6BF21CB2ACE4E4D0002C179 /* URL+Extension.swift in Sources */,
				E696E7BA2ACF2D0200D22038 /* CGFloat+Spacing.swift in Sources */,
				E6BF21B02ACE489D0002C179 /* BuildConfig.swift in Sources */,
				E69ACC7A2ACF92F100988764 /* MealDetailView.swift in Sources */,
				E6BF21B82ACE4A910002C179 /* MealsInjector.swift in Sources */,
				E603BD272ACF6E9000E773E8 /* Color+Extension.swift in Sources */,
				E61BF7932AD47C880004E4A4 /* Double+Extension.swift in Sources */,
				E69ACC672ACF915B00988764 /* GetMealDetailUseCase.swift in Sources */,
				E61BF78F2AD4764D0004E4A4 /* IntructionsView.swift in Sources */,
				E6F6AD322ACE3F0800F40D4F /* MealsView.swift in Sources */,
				E69ACC6F2ACF91C400988764 /* MealDetailRemoteModels.swift in Sources */,
				E640CA0E2ACF4F9B004C5307 /* CircularImageView.swift in Sources */,
				E6BF21D12ACE57C20002C179 /* MealsViewModel.swift in Sources */,
				E6CB9BBF2AD0941E00095A9E /* MealDetailRepository.swift in Sources */,
				E6BF21CE2ACE4EC30002C179 /* NetworkClientBuilder.swift in Sources */,
				E6F6AD302ACE3F0800F40D4F /* FetchApp.swift in Sources */,
				E61BF7912AD4784D0004E4A4 /* RoundTopsShape.swift in Sources */,
				E61BF78D2AD466110004E4A4 /* MealImageDetailView.swift in Sources */,
				E696E7B42ACF297600D22038 /* MealsCollectionView.swift in Sources */,
				E6BF21C72ACE4BFD0002C179 /* MealsRemoteModels.swift in Sources */,
				E69ACC782ACF92D400988764 /* MealDetailViewModel.swift in Sources */,
				E6BF21C42ACE4B260002C179 /* MealsRemoteDataSource.swift in Sources */,
			);
			runOnlyForDeploymentPostprocessing = 0;
		};
		E6F6AD382ACE3F0B00F40D4F /* Sources */ = {
			isa = PBXSourcesBuildPhase;
			buildActionMask = 2147483647;
			files = (
				E6F6AD412ACE3F0B00F40D4F /* FetchTests.swift in Sources */,
			);
			runOnlyForDeploymentPostprocessing = 0;
		};
		E6F6AD422ACE3F0B00F40D4F /* Sources */ = {
			isa = PBXSourcesBuildPhase;
			buildActionMask = 2147483647;
			files = (
				E6F6AD4B2ACE3F0B00F40D4F /* FetchUITests.swift in Sources */,
				E6F6AD4D2ACE3F0B00F40D4F /* FetchUITestsLaunchTests.swift in Sources */,
			);
			runOnlyForDeploymentPostprocessing = 0;
		};
/* End PBXSourcesBuildPhase section */

/* Begin PBXTargetDependency section */
		E6F6AD3E2ACE3F0B00F40D4F /* PBXTargetDependency */ = {
			isa = PBXTargetDependency;
			target = E6F6AD2B2ACE3F0800F40D4F /* Fetch */;
			targetProxy = E6F6AD3D2ACE3F0B00F40D4F /* PBXContainerItemProxy */;
		};
		E6F6AD482ACE3F0B00F40D4F /* PBXTargetDependency */ = {
			isa = PBXTargetDependency;
			target = E6F6AD2B2ACE3F0800F40D4F /* Fetch */;
			targetProxy = E6F6AD472ACE3F0B00F40D4F /* PBXContainerItemProxy */;
		};
/* End PBXTargetDependency section */

/* Begin XCBuildConfiguration section */
		E6F6AD4E2ACE3F0B00F40D4F /* Debug */ = {
			isa = XCBuildConfiguration;
			baseConfigurationReference = E6BF21AE2ACE48850002C179 /* Debug.xcconfig */;
			buildSettings = {
				ALWAYS_SEARCH_USER_PATHS = NO;
				ASSETCATALOG_COMPILER_GENERATE_SWIFT_ASSET_SYMBOL_EXTENSIONS = YES;
				CLANG_ANALYZER_NONNULL = YES;
				CLANG_ANALYZER_NUMBER_OBJECT_CONVERSION = YES_AGGRESSIVE;
				CLANG_CXX_LANGUAGE_STANDARD = "gnu++20";
				CLANG_ENABLE_MODULES = YES;
				CLANG_ENABLE_OBJC_ARC = YES;
				CLANG_ENABLE_OBJC_WEAK = YES;
				CLANG_WARN_BLOCK_CAPTURE_AUTORELEASING = YES;
				CLANG_WARN_BOOL_CONVERSION = YES;
				CLANG_WARN_COMMA = YES;
				CLANG_WARN_CONSTANT_CONVERSION = YES;
				CLANG_WARN_DEPRECATED_OBJC_IMPLEMENTATIONS = YES;
				CLANG_WARN_DIRECT_OBJC_ISA_USAGE = YES_ERROR;
				CLANG_WARN_DOCUMENTATION_COMMENTS = YES;
				CLANG_WARN_EMPTY_BODY = YES;
				CLANG_WARN_ENUM_CONVERSION = YES;
				CLANG_WARN_INFINITE_RECURSION = YES;
				CLANG_WARN_INT_CONVERSION = YES;
				CLANG_WARN_NON_LITERAL_NULL_CONVERSION = YES;
				CLANG_WARN_OBJC_IMPLICIT_RETAIN_SELF = YES;
				CLANG_WARN_OBJC_LITERAL_CONVERSION = YES;
				CLANG_WARN_OBJC_ROOT_CLASS = YES_ERROR;
				CLANG_WARN_QUOTED_INCLUDE_IN_FRAMEWORK_HEADER = YES;
				CLANG_WARN_RANGE_LOOP_ANALYSIS = YES;
				CLANG_WARN_STRICT_PROTOTYPES = YES;
				CLANG_WARN_SUSPICIOUS_MOVE = YES;
				CLANG_WARN_UNGUARDED_AVAILABILITY = YES_AGGRESSIVE;
				CLANG_WARN_UNREACHABLE_CODE = YES;
				CLANG_WARN__DUPLICATE_METHOD_MATCH = YES;
				COPY_PHASE_STRIP = NO;
				DEBUG_INFORMATION_FORMAT = dwarf;
				ENABLE_STRICT_OBJC_MSGSEND = YES;
				ENABLE_TESTABILITY = YES;
				ENABLE_USER_SCRIPT_SANDBOXING = YES;
				GCC_C_LANGUAGE_STANDARD = gnu17;
				GCC_DYNAMIC_NO_PIC = NO;
				GCC_NO_COMMON_BLOCKS = YES;
				GCC_OPTIMIZATION_LEVEL = 0;
				GCC_PREPROCESSOR_DEFINITIONS = (
					"DEBUG=1",
					"$(inherited)",
				);
				GCC_WARN_64_TO_32_BIT_CONVERSION = YES;
				GCC_WARN_ABOUT_RETURN_TYPE = YES_ERROR;
				GCC_WARN_UNDECLARED_SELECTOR = YES;
				GCC_WARN_UNINITIALIZED_AUTOS = YES_AGGRESSIVE;
				GCC_WARN_UNUSED_FUNCTION = YES;
				GCC_WARN_UNUSED_VARIABLE = YES;
				IPHONEOS_DEPLOYMENT_TARGET = 16.0;
				LOCALIZATION_PREFERS_STRING_CATALOGS = YES;
				MTL_ENABLE_DEBUG_INFO = INCLUDE_SOURCE;
				MTL_FAST_MATH = YES;
				ONLY_ACTIVE_ARCH = YES;
				SDKROOT = iphoneos;
				SWIFT_ACTIVE_COMPILATION_CONDITIONS = "DEBUG $(inherited)";
				SWIFT_OPTIMIZATION_LEVEL = "-Onone";
			};
			name = Debug;
		};
		E6F6AD4F2ACE3F0B00F40D4F /* Release */ = {
			isa = XCBuildConfiguration;
			buildSettings = {
				ALWAYS_SEARCH_USER_PATHS = NO;
				ASSETCATALOG_COMPILER_GENERATE_SWIFT_ASSET_SYMBOL_EXTENSIONS = YES;
				CLANG_ANALYZER_NONNULL = YES;
				CLANG_ANALYZER_NUMBER_OBJECT_CONVERSION = YES_AGGRESSIVE;
				CLANG_CXX_LANGUAGE_STANDARD = "gnu++20";
				CLANG_ENABLE_MODULES = YES;
				CLANG_ENABLE_OBJC_ARC = YES;
				CLANG_ENABLE_OBJC_WEAK = YES;
				CLANG_WARN_BLOCK_CAPTURE_AUTORELEASING = YES;
				CLANG_WARN_BOOL_CONVERSION = YES;
				CLANG_WARN_COMMA = YES;
				CLANG_WARN_CONSTANT_CONVERSION = YES;
				CLANG_WARN_DEPRECATED_OBJC_IMPLEMENTATIONS = YES;
				CLANG_WARN_DIRECT_OBJC_ISA_USAGE = YES_ERROR;
				CLANG_WARN_DOCUMENTATION_COMMENTS = YES;
				CLANG_WARN_EMPTY_BODY = YES;
				CLANG_WARN_ENUM_CONVERSION = YES;
				CLANG_WARN_INFINITE_RECURSION = YES;
				CLANG_WARN_INT_CONVERSION = YES;
				CLANG_WARN_NON_LITERAL_NULL_CONVERSION = YES;
				CLANG_WARN_OBJC_IMPLICIT_RETAIN_SELF = YES;
				CLANG_WARN_OBJC_LITERAL_CONVERSION = YES;
				CLANG_WARN_OBJC_ROOT_CLASS = YES_ERROR;
				CLANG_WARN_QUOTED_INCLUDE_IN_FRAMEWORK_HEADER = YES;
				CLANG_WARN_RANGE_LOOP_ANALYSIS = YES;
				CLANG_WARN_STRICT_PROTOTYPES = YES;
				CLANG_WARN_SUSPICIOUS_MOVE = YES;
				CLANG_WARN_UNGUARDED_AVAILABILITY = YES_AGGRESSIVE;
				CLANG_WARN_UNREACHABLE_CODE = YES;
				CLANG_WARN__DUPLICATE_METHOD_MATCH = YES;
				COPY_PHASE_STRIP = NO;
				DEBUG_INFORMATION_FORMAT = "dwarf-with-dsym";
				ENABLE_NS_ASSERTIONS = NO;
				ENABLE_STRICT_OBJC_MSGSEND = YES;
				ENABLE_USER_SCRIPT_SANDBOXING = YES;
				GCC_C_LANGUAGE_STANDARD = gnu17;
				GCC_NO_COMMON_BLOCKS = YES;
				GCC_WARN_64_TO_32_BIT_CONVERSION = YES;
				GCC_WARN_ABOUT_RETURN_TYPE = YES_ERROR;
				GCC_WARN_UNDECLARED_SELECTOR = YES;
				GCC_WARN_UNINITIALIZED_AUTOS = YES_AGGRESSIVE;
				GCC_WARN_UNUSED_FUNCTION = YES;
				GCC_WARN_UNUSED_VARIABLE = YES;
				IPHONEOS_DEPLOYMENT_TARGET = 16.0;
				LOCALIZATION_PREFERS_STRING_CATALOGS = YES;
				MTL_ENABLE_DEBUG_INFO = NO;
				MTL_FAST_MATH = YES;
				SDKROOT = iphoneos;
				SWIFT_COMPILATION_MODE = wholemodule;
				VALIDATE_PRODUCT = YES;
			};
			name = Release;
		};
		E6F6AD512ACE3F0B00F40D4F /* Debug */ = {
			isa = XCBuildConfiguration;
			buildSettings = {
				ASSETCATALOG_COMPILER_APPICON_NAME = AppIcon;
				ASSETCATALOG_COMPILER_GLOBAL_ACCENT_COLOR_NAME = AccentColor;
				CODE_SIGN_STYLE = Automatic;
				CURRENT_PROJECT_VERSION = 1;
				DEVELOPMENT_ASSET_PATHS = "\"Fetch/Preview Content\"";
				DEVELOPMENT_TEAM = R2ZKT7XPX2;
				ENABLE_PREVIEWS = YES;
				GENERATE_INFOPLIST_FILE = YES;
				INFOPLIST_FILE = Fetch/Info.plist;
				INFOPLIST_KEY_UIApplicationSceneManifest_Generation = YES;
				INFOPLIST_KEY_UIApplicationSupportsIndirectInputEvents = YES;
				INFOPLIST_KEY_UILaunchScreen_Generation = YES;
				INFOPLIST_KEY_UISupportedInterfaceOrientations_iPad = "UIInterfaceOrientationPortrait UIInterfaceOrientationPortraitUpsideDown UIInterfaceOrientationLandscapeLeft UIInterfaceOrientationLandscapeRight";
				INFOPLIST_KEY_UISupportedInterfaceOrientations_iPhone = "UIInterfaceOrientationPortrait UIInterfaceOrientationLandscapeLeft UIInterfaceOrientationLandscapeRight";
				IPHONEOS_DEPLOYMENT_TARGET = 16.0;
				LD_RUNPATH_SEARCH_PATHS = (
					"$(inherited)",
					"@executable_path/Frameworks",
				);
				MARKETING_VERSION = 1.0;
				PRODUCT_BUNDLE_IDENTIFIER = eder.dev.pad.Fetch;
				PRODUCT_NAME = "$(TARGET_NAME)";
				SWIFT_EMIT_LOC_STRINGS = YES;
				SWIFT_VERSION = 5.0;
				TARGETED_DEVICE_FAMILY = "1,2";
			};
			name = Debug;
		};
		E6F6AD522ACE3F0B00F40D4F /* Release */ = {
			isa = XCBuildConfiguration;
			buildSettings = {
				ASSETCATALOG_COMPILER_APPICON_NAME = AppIcon;
				ASSETCATALOG_COMPILER_GLOBAL_ACCENT_COLOR_NAME = AccentColor;
				CODE_SIGN_STYLE = Automatic;
				CURRENT_PROJECT_VERSION = 1;
				DEVELOPMENT_ASSET_PATHS = "\"Fetch/Preview Content\"";
				DEVELOPMENT_TEAM = R2ZKT7XPX2;
				ENABLE_PREVIEWS = YES;
				GENERATE_INFOPLIST_FILE = YES;
				INFOPLIST_FILE = Fetch/Info.plist;
				INFOPLIST_KEY_UIApplicationSceneManifest_Generation = YES;
				INFOPLIST_KEY_UIApplicationSupportsIndirectInputEvents = YES;
				INFOPLIST_KEY_UILaunchScreen_Generation = YES;
				INFOPLIST_KEY_UISupportedInterfaceOrientations_iPad = "UIInterfaceOrientationPortrait UIInterfaceOrientationPortraitUpsideDown UIInterfaceOrientationLandscapeLeft UIInterfaceOrientationLandscapeRight";
				INFOPLIST_KEY_UISupportedInterfaceOrientations_iPhone = "UIInterfaceOrientationPortrait UIInterfaceOrientationLandscapeLeft UIInterfaceOrientationLandscapeRight";
				IPHONEOS_DEPLOYMENT_TARGET = 16.0;
				LD_RUNPATH_SEARCH_PATHS = (
					"$(inherited)",
					"@executable_path/Frameworks",
				);
				MARKETING_VERSION = 1.0;
				PRODUCT_BUNDLE_IDENTIFIER = eder.dev.pad.Fetch;
				PRODUCT_NAME = "$(TARGET_NAME)";
				SWIFT_EMIT_LOC_STRINGS = YES;
				SWIFT_VERSION = 5.0;
				TARGETED_DEVICE_FAMILY = "1,2";
			};
			name = Release;
		};
		E6F6AD542ACE3F0B00F40D4F /* Debug */ = {
			isa = XCBuildConfiguration;
			buildSettings = {
				ALWAYS_EMBED_SWIFT_STANDARD_LIBRARIES = YES;
				BUNDLE_LOADER = "$(TEST_HOST)";
				CODE_SIGN_STYLE = Automatic;
				CURRENT_PROJECT_VERSION = 1;
				DEVELOPMENT_TEAM = R2ZKT7XPX2;
				GENERATE_INFOPLIST_FILE = YES;
				IPHONEOS_DEPLOYMENT_TARGET = 17.0;
				MARKETING_VERSION = 1.0;
				PRODUCT_BUNDLE_IDENTIFIER = eder.dev.pad.FetchTests;
				PRODUCT_NAME = "$(TARGET_NAME)";
				SWIFT_EMIT_LOC_STRINGS = NO;
				SWIFT_VERSION = 5.0;
				TARGETED_DEVICE_FAMILY = "1,2";
				TEST_HOST = "$(BUILT_PRODUCTS_DIR)/Fetch.app/$(BUNDLE_EXECUTABLE_FOLDER_PATH)/Fetch";
			};
			name = Debug;
		};
		E6F6AD552ACE3F0B00F40D4F /* Release */ = {
			isa = XCBuildConfiguration;
			buildSettings = {
				ALWAYS_EMBED_SWIFT_STANDARD_LIBRARIES = YES;
				BUNDLE_LOADER = "$(TEST_HOST)";
				CODE_SIGN_STYLE = Automatic;
				CURRENT_PROJECT_VERSION = 1;
				DEVELOPMENT_TEAM = R2ZKT7XPX2;
				GENERATE_INFOPLIST_FILE = YES;
				IPHONEOS_DEPLOYMENT_TARGET = 17.0;
				MARKETING_VERSION = 1.0;
				PRODUCT_BUNDLE_IDENTIFIER = eder.dev.pad.FetchTests;
				PRODUCT_NAME = "$(TARGET_NAME)";
				SWIFT_EMIT_LOC_STRINGS = NO;
				SWIFT_VERSION = 5.0;
				TARGETED_DEVICE_FAMILY = "1,2";
				TEST_HOST = "$(BUILT_PRODUCTS_DIR)/Fetch.app/$(BUNDLE_EXECUTABLE_FOLDER_PATH)/Fetch";
			};
			name = Release;
		};
		E6F6AD572ACE3F0B00F40D4F /* Debug */ = {
			isa = XCBuildConfiguration;
			buildSettings = {
				ALWAYS_EMBED_SWIFT_STANDARD_LIBRARIES = YES;
				CODE_SIGN_STYLE = Automatic;
				CURRENT_PROJECT_VERSION = 1;
				DEVELOPMENT_TEAM = R2ZKT7XPX2;
				GENERATE_INFOPLIST_FILE = YES;
				MARKETING_VERSION = 1.0;
				PRODUCT_BUNDLE_IDENTIFIER = eder.dev.pad.FetchUITests;
				PRODUCT_NAME = "$(TARGET_NAME)";
				SWIFT_EMIT_LOC_STRINGS = NO;
				SWIFT_VERSION = 5.0;
				TARGETED_DEVICE_FAMILY = "1,2";
				TEST_TARGET_NAME = Fetch;
			};
			name = Debug;
		};
		E6F6AD582ACE3F0B00F40D4F /* Release */ = {
			isa = XCBuildConfiguration;
			buildSettings = {
				ALWAYS_EMBED_SWIFT_STANDARD_LIBRARIES = YES;
				CODE_SIGN_STYLE = Automatic;
				CURRENT_PROJECT_VERSION = 1;
				DEVELOPMENT_TEAM = R2ZKT7XPX2;
				GENERATE_INFOPLIST_FILE = YES;
				MARKETING_VERSION = 1.0;
				PRODUCT_BUNDLE_IDENTIFIER = eder.dev.pad.FetchUITests;
				PRODUCT_NAME = "$(TARGET_NAME)";
				SWIFT_EMIT_LOC_STRINGS = NO;
				SWIFT_VERSION = 5.0;
				TARGETED_DEVICE_FAMILY = "1,2";
				TEST_TARGET_NAME = Fetch;
			};
			name = Release;
		};
/* End XCBuildConfiguration section */

/* Begin XCConfigurationList section */
		E6F6AD272ACE3F0800F40D4F /* Build configuration list for PBXProject "Fetch" */ = {
			isa = XCConfigurationList;
			buildConfigurations = (
				E6F6AD4E2ACE3F0B00F40D4F /* Debug */,
				E6F6AD4F2ACE3F0B00F40D4F /* Release */,
			);
			defaultConfigurationIsVisible = 0;
			defaultConfigurationName = Release;
		};
		E6F6AD502ACE3F0B00F40D4F /* Build configuration list for PBXNativeTarget "Fetch" */ = {
			isa = XCConfigurationList;
			buildConfigurations = (
				E6F6AD512ACE3F0B00F40D4F /* Debug */,
				E6F6AD522ACE3F0B00F40D4F /* Release */,
			);
			defaultConfigurationIsVisible = 0;
			defaultConfigurationName = Release;
		};
		E6F6AD532ACE3F0B00F40D4F /* Build configuration list for PBXNativeTarget "FetchTests" */ = {
			isa = XCConfigurationList;
			buildConfigurations = (
				E6F6AD542ACE3F0B00F40D4F /* Debug */,
				E6F6AD552ACE3F0B00F40D4F /* Release */,
			);
			defaultConfigurationIsVisible = 0;
			defaultConfigurationName = Release;
		};
		E6F6AD562ACE3F0B00F40D4F /* Build configuration list for PBXNativeTarget "FetchUITests" */ = {
			isa = XCConfigurationList;
			buildConfigurations = (
				E6F6AD572ACE3F0B00F40D4F /* Debug */,
				E6F6AD582ACE3F0B00F40D4F /* Release */,
			);
			defaultConfigurationIsVisible = 0;
			defaultConfigurationName = Release;
		};
/* End XCConfigurationList section */

/* Begin XCRemoteSwiftPackageReference section */
		E696E7B62ACF2AEC00D22038 /* XCRemoteSwiftPackageReference "SDWebImageSwiftUI" */ = {
			isa = XCRemoteSwiftPackageReference;
			repositoryURL = "https://github.com/SDWebImage/SDWebImageSwiftUI";
			requirement = {
				kind = exactVersion;
				version = 2.2.3;
			};
		};
/* End XCRemoteSwiftPackageReference section */

/* Begin XCSwiftPackageProductDependency section */
		E696E7B72ACF2AEC00D22038 /* SDWebImageSwiftUI */ = {
			isa = XCSwiftPackageProductDependency;
			package = E696E7B62ACF2AEC00D22038 /* XCRemoteSwiftPackageReference "SDWebImageSwiftUI" */;
			productName = SDWebImageSwiftUI;
		};
/* End XCSwiftPackageProductDependency section */
	};
	rootObject = E6F6AD242ACE3F0800F40D4F /* Project object */;
}
